{
  "originHash" : "46fa378c94ccb07e950f7ddbced44702a90c10751673cd753b485cad2b886020",
  "pins" : [
    {
      "identity" : "c_llvm",
      "kind" : "remoteSourceControl",
      "location" : "https://github.com/nakajima/C_LLVM",
      "state" : {
        "branch" : "main",
        "revision" : "9c8565d2a6b6502d1bb0a886a152a730729f41d4"
      }
    },
    {
      "identity" : "swift-argument-parser",
      "kind" : "remoteSourceControl",
      "location" : "https://github.com/apple/swift-argument-parser.git",
      "state" : {
        "revision" : "0fbc8848e389af3bb55c182bc19ca9d5dc2f255b",
        "version" : "1.4.0"
      }
    }
  ],
  "version" : 3
}
